
Microsoft Visual Studio Solution File, Format Version 12.00
# Visual Studio 15
VisualStudioVersion = 15.0.28010.2041
MinimumVisualStudioVersion = 10.0.40219.1
Project("{FAE04EC0-301F-11D3-BF4B-00C04F79EFBC}") = "Core", "Core\Core.csproj", "{C293DF4B-CAFD-4A03-897C-F2CA9739856A}"
EndProject
Project("{FAE04EC0-301F-11D3-BF4B-00C04F79EFBC}") = "Main", "AgodaTest\Main.csproj", "{9C8A186E-907E-4C2D-929F-8817C1021D7F}"
EndProject
Project("{FAE04EC0-301F-11D3-BF4B-00C04F79EFBC}") = "Agoda.Test.UnitTests", "Agoda.Test.UnitTests\Agoda.Test.UnitTests.csproj", "{0ECDE026-B507-45A6-90FB-4A0F46E867CD}"
EndProject
Global
	GlobalSection(SolutionConfigurationPlatforms) = preSolution
		Debug|Any CPU = Debug|Any CPU
		Release|Any CPU = Release|Any CPU
	EndGlobalSection
	GlobalSection(ProjectConfigurationPlatforms) = postSolution
		{C293DF4B-CAFD-4A03-897C-F2CA9739856A}.Debug|Any CPU.ActiveCfg = Debug|Any CPU
		{C293DF4B-CAFD-4A03-897C-F2CA9739856A}.Debug|Any CPU.Build.0 = Debug|Any CPU
		{C293DF4B-CAFD-4A03-897C-F2CA9739856A}.Release|Any CPU.ActiveCfg = Release|Any CPU
		{C293DF4B-CAFD-4A03-897C-F2CA9739856A}.Release|Any CPU.Build.0 = Release|Any CPU
		{9C8A186E-907E-4C2D-929F-8817C1021D7F}.Debug|Any CPU.ActiveCfg = Debug|Any CPU
		{9C8A186E-907E-4C2D-929F-8817C1021D7F}.Debug|Any CPU.Build.0 = Debug|Any CPU
		{9C8A186E-907E-4C2D-929F-8817C1021D7F}.Release|Any CPU.ActiveCfg = Release|Any CPU
		{9C8A186E-907E-4C2D-929F-8817C1021D7F}.Release|Any CPU.Build.0 = Release|Any CPU
		{0ECDE026-B507-45A6-90FB-4A0F46E867CD}.Debug|Any CPU.ActiveCfg = Debug|Any CPU
		{0ECDE026-B507-45A6-90FB-4A0F46E867CD}.Debug|Any CPU.Build.0 = Debug|Any CPU
		{0ECDE026-B507-45A6-90FB-4A0F46E867CD}.Release|Any CPU.ActiveCfg = Release|Any CPU
		{0ECDE026-B507-45A6-90FB-4A0F46E867CD}.Release|Any CPU.Build.0 = Release|Any CPU
	EndGlobalSection
	GlobalSection(SolutionProperties) = preSolution
		HideSolutionNode = FALSE
	EndGlobalSection
	GlobalSection(ExtensibilityGlobals) = postSolution
		SolutionGuid = {4426151A-8FAC-4E1D-B3A7-1E3656BF25E7}
	EndGlobalSection
EndGlobal
